
Microsoft Visual Studio Solution File, Format Version 12.00
# Visual Studio Version 16
VisualStudioVersion = 16.0.29709.97
MinimumVisualStudioVersion = 10.0.40219.1
Project("{2150E333-8FDC-42A3-9474-1A3956D46DE8}") = "Core", "Core", "{03CD2191-DD4C-4378-BFFD-D7CF2949D7DD}"
EndProject
Project("{2150E333-8FDC-42A3-9474-1A3956D46DE8}") = "Infrastructure", "Infrastructure", "{DC3A982E-5218-4CEE-99E8-6BD808BE584B}"
EndProject
Project("{2150E333-8FDC-42A3-9474-1A3956D46DE8}") = "API", "API", "{C7ED723D-8E16-4B48-ADC8-C214ACF81F82}"
EndProject
Project("{2150E333-8FDC-42A3-9474-1A3956D46DE8}") = "Apps", "Apps", "{0709ADDE-B715-41E4-8FA3-910FCA24EAAF}"
EndProject
Project("{9A19103F-16F7-4668-BE54-9A1E7A4F7556}") = "BaseArchitecture.Shared", "Core\BaseArchitecture.Shared\BaseArchitecture.Shared.csproj", "{0572CB0E-3B7D-496D-9F9C-0C3C1FF75980}"
EndProject
Project("{9A19103F-16F7-4668-BE54-9A1E7A4F7556}") = "BaseArchitecture.Domain", "Core\BaseArchitecture.Domain\BaseArchitecture.Domain.csproj", "{996DD3CD-686A-4918-84B9-383BC2F3039F}"
EndProject
Project("{9A19103F-16F7-4668-BE54-9A1E7A4F7556}") = "BaseArchitecture.Application", "Core\BaseArchitecture.Application\BaseArchitecture.Application.csproj", "{D632DDF3-0A51-4654-BF85-028F2D272E2D}"
EndProject
Project("{9A19103F-16F7-4668-BE54-9A1E7A4F7556}") = "BaseArchitecture.Infrastructure", "Infrastructure\BaseArchitecture.Infrastructure\BaseArchitecture.Infrastructure.csproj", "{04A64DBD-E03B-43C0-B197-0BFCF1A0C1AB}"
EndProject
Project("{2150E333-8FDC-42A3-9474-1A3956D46DE8}") = ".Solution", ".Solution", "{AF0F14E7-3A65-47E4-8DD0-734CB643546F}"
	ProjectSection(SolutionItems) = preProject
		.Solution\Changelog.md = .Solution\Changelog.md
	EndProjectSection
EndProject
Project("{2150E333-8FDC-42A3-9474-1A3956D46DE8}") = "Tests", "Tests", "{A690602B-831D-4499-B17F-06348405B87B}"
EndProject
Project("{FAE04EC0-301F-11D3-BF4B-00C04F79EFBC}") = "BaseArchitecture.Tests", "Tests\BaseArchitecture.Tests\BaseArchitecture.Tests.csproj", "{FF6EEF1E-E890-41C6-8706-4F52E2594EFB}"
EndProject
Global
	GlobalSection(SolutionConfigurationPlatforms) = preSolution
		Debug|Any CPU = Debug|Any CPU
		Release|Any CPU = Release|Any CPU
	EndGlobalSection
	GlobalSection(ProjectConfigurationPlatforms) = postSolution
		{0572CB0E-3B7D-496D-9F9C-0C3C1FF75980}.Debug|Any CPU.ActiveCfg = Debug|Any CPU
		{0572CB0E-3B7D-496D-9F9C-0C3C1FF75980}.Debug|Any CPU.Build.0 = Debug|Any CPU
		{0572CB0E-3B7D-496D-9F9C-0C3C1FF75980}.Release|Any CPU.ActiveCfg = Release|Any CPU
		{0572CB0E-3B7D-496D-9F9C-0C3C1FF75980}.Release|Any CPU.Build.0 = Release|Any CPU
		{996DD3CD-686A-4918-84B9-383BC2F3039F}.Debug|Any CPU.ActiveCfg = Debug|Any CPU
		{996DD3CD-686A-4918-84B9-383BC2F3039F}.Debug|Any CPU.Build.0 = Debug|Any CPU
		{996DD3CD-686A-4918-84B9-383BC2F3039F}.Release|Any CPU.ActiveCfg = Release|Any CPU
		{996DD3CD-686A-4918-84B9-383BC2F3039F}.Release|Any CPU.Build.0 = Release|Any CPU
		{D632DDF3-0A51-4654-BF85-028F2D272E2D}.Debug|Any CPU.ActiveCfg = Debug|Any CPU
		{D632DDF3-0A51-4654-BF85-028F2D272E2D}.Debug|Any CPU.Build.0 = Debug|Any CPU
		{D632DDF3-0A51-4654-BF85-028F2D272E2D}.Release|Any CPU.ActiveCfg = Release|Any CPU
		{D632DDF3-0A51-4654-BF85-028F2D272E2D}.Release|Any CPU.Build.0 = Release|Any CPU
		{04A64DBD-E03B-43C0-B197-0BFCF1A0C1AB}.Debug|Any CPU.ActiveCfg = Debug|Any CPU
		{04A64DBD-E03B-43C0-B197-0BFCF1A0C1AB}.Debug|Any CPU.Build.0 = Debug|Any CPU
		{04A64DBD-E03B-43C0-B197-0BFCF1A0C1AB}.Release|Any CPU.ActiveCfg = Release|Any CPU
		{04A64DBD-E03B-43C0-B197-0BFCF1A0C1AB}.Release|Any CPU.Build.0 = Release|Any CPU
		{FF6EEF1E-E890-41C6-8706-4F52E2594EFB}.Debug|Any CPU.ActiveCfg = Debug|Any CPU
		{FF6EEF1E-E890-41C6-8706-4F52E2594EFB}.Debug|Any CPU.Build.0 = Debug|Any CPU
		{FF6EEF1E-E890-41C6-8706-4F52E2594EFB}.Release|Any CPU.ActiveCfg = Release|Any CPU
		{FF6EEF1E-E890-41C6-8706-4F52E2594EFB}.Release|Any CPU.Build.0 = Release|Any CPU
	EndGlobalSection
	GlobalSection(SolutionProperties) = preSolution
		HideSolutionNode = FALSE
	EndGlobalSection
	GlobalSection(NestedProjects) = preSolution
		{0572CB0E-3B7D-496D-9F9C-0C3C1FF75980} = {03CD2191-DD4C-4378-BFFD-D7CF2949D7DD}
		{996DD3CD-686A-4918-84B9-383BC2F3039F} = {03CD2191-DD4C-4378-BFFD-D7CF2949D7DD}
		{D632DDF3-0A51-4654-BF85-028F2D272E2D} = {03CD2191-DD4C-4378-BFFD-D7CF2949D7DD}
		{04A64DBD-E03B-43C0-B197-0BFCF1A0C1AB} = {DC3A982E-5218-4CEE-99E8-6BD808BE584B}
		{FF6EEF1E-E890-41C6-8706-4F52E2594EFB} = {A690602B-831D-4499-B17F-06348405B87B}
	EndGlobalSection
	GlobalSection(ExtensibilityGlobals) = postSolution
		SolutionGuid = {135B67DD-2340-47BE-9C63-D5837D72475C}
	EndGlobalSection
EndGlobal
